// !$*UTF8*$!
{
	archiveVersion = 1;
	classes = {
	};
	objectVersion = 56;
	objects = {

/* Begin PBXBuildFile section */
		8728F86D286605AC0040EBCA /* Recipe_List_App.swift in Sources */ = {isa = PBXBuildFile; fileRef = 8728F86C286605AC0040EBCA /* Recipe_List_App.swift */; };
		8728F86F286605AC0040EBCA /* RecipeListView.swift in Sources */ = {isa = PBXBuildFile; fileRef = 8728F86E286605AC0040EBCA /* RecipeListView.swift */; };
		8728F871286605AD0040EBCA /* Assets.xcassets in Resources */ = {isa = PBXBuildFile; fileRef = 8728F870286605AD0040EBCA /* Assets.xcassets */; };
		8728F874286605AD0040EBCA /* Preview Assets.xcassets in Resources */ = {isa = PBXBuildFile; fileRef = 8728F873286605AD0040EBCA /* Preview Assets.xcassets */; };
		8742B115286A4DD4001664C6 /* RecipeTabView.swift in Sources */ = {isa = PBXBuildFile; fileRef = 8742B114286A4DD4001664C6 /* RecipeTabView.swift */; };
		8768440928660F8A0049D0D3 /* recipes.json in Resources */ = {isa = PBXBuildFile; fileRef = 8768440828660F8A0049D0D3 /* recipes.json */; };
		8768440B28660FD10049D0D3 /* Recipe.swift in Sources */ = {isa = PBXBuildFile; fileRef = 8768440A28660FD10049D0D3 /* Recipe.swift */; };
		8768440D286612E30049D0D3 /* RecipeModel.swift in Sources */ = {isa = PBXBuildFile; fileRef = 8768440C286612E30049D0D3 /* RecipeModel.swift */; };
		8768440F286617540049D0D3 /* DataService.swift in Sources */ = {isa = PBXBuildFile; fileRef = 8768440E286617540049D0D3 /* DataService.swift */; };
		877177802871C7DC007BE69C /* RecipeHighlights.swift in Sources */ = {isa = PBXBuildFile; fileRef = 8771777F2871C7DC007BE69C /* RecipeHighlights.swift */; };
		878055C22867824800C6D492 /* RecipeDetailView.swift in Sources */ = {isa = PBXBuildFile; fileRef = 878055C12867824800C6D492 /* RecipeDetailView.swift */; };
		87948C61286C6801007A86B4 /* RecipeFeaturedView.swift in Sources */ = {isa = PBXBuildFile; fileRef = 87948C60286C6801007A86B4 /* RecipeFeaturedView.swift */; };
		87DB7D262870AE3800733AC2 /* Rational.swift in Sources */ = {isa = PBXBuildFile; fileRef = 87DB7D252870AE3800733AC2 /* Rational.swift */; };
/* End PBXBuildFile section */

/* Begin PBXFileReference section */
		8728F869286605AC0040EBCA /* Recipe List App.app */ = {isa = PBXFileReference; explicitFileType = wrapper.application; includeInIndex = 0; path = "Recipe List App.app"; sourceTree = BUILT_PRODUCTS_DIR; };
		8728F86C286605AC0040EBCA /* Recipe_List_App.swift */ = {isa = PBXFileReference; lastKnownFileType = sourcecode.swift; path = Recipe_List_App.swift; sourceTree = "<group>"; };
		8728F86E286605AC0040EBCA /* RecipeListView.swift */ = {isa = PBXFileReference; lastKnownFileType = sourcecode.swift; path = RecipeListView.swift; sourceTree = "<group>"; };
		8728F870286605AD0040EBCA /* Assets.xcassets */ = {isa = PBXFileReference; lastKnownFileType = folder.assetcatalog; path = Assets.xcassets; sourceTree = "<group>"; };
		8728F873286605AD0040EBCA /* Preview Assets.xcassets */ = {isa = PBXFileReference; lastKnownFileType = folder.assetcatalog; path = "Preview Assets.xcassets"; sourceTree = "<group>"; };
		8742B114286A4DD4001664C6 /* RecipeTabView.swift */ = {isa = PBXFileReference; lastKnownFileType = sourcecode.swift; path = RecipeTabView.swift; sourceTree = "<group>"; };
		8768440828660F8A0049D0D3 /* recipes.json */ = {isa = PBXFileReference; fileEncoding = 4; lastKnownFileType = text.json; path = recipes.json; sourceTree = "<group>"; };
		8768440A28660FD10049D0D3 /* Recipe.swift */ = {isa = PBXFileReference; lastKnownFileType = sourcecode.swift; path = Recipe.swift; sourceTree = "<group>"; };
		8768440C286612E30049D0D3 /* RecipeModel.swift */ = {isa = PBXFileReference; lastKnownFileType = sourcecode.swift; path = RecipeModel.swift; sourceTree = "<group>"; };
		8768440E286617540049D0D3 /* DataService.swift */ = {isa = PBXFileReference; lastKnownFileType = sourcecode.swift; path = DataService.swift; sourceTree = "<group>"; };
		8771777F2871C7DC007BE69C /* RecipeHighlights.swift */ = {isa = PBXFileReference; lastKnownFileType = sourcecode.swift; path = RecipeHighlights.swift; sourceTree = "<group>"; };
		878055C12867824800C6D492 /* RecipeDetailView.swift */ = {isa = PBXFileReference; lastKnownFileType = sourcecode.swift; path = RecipeDetailView.swift; sourceTree = "<group>"; };
		87948C60286C6801007A86B4 /* RecipeFeaturedView.swift */ = {isa = PBXFileReference; lastKnownFileType = sourcecode.swift; path = RecipeFeaturedView.swift; sourceTree = "<group>"; };
		87DB7D252870AE3800733AC2 /* Rational.swift */ = {isa = PBXFileReference; fileEncoding = 4; lastKnownFileType = sourcecode.swift; path = Rational.swift; sourceTree = "<group>"; };
/* End PBXFileReference section */

/* Begin PBXFrameworksBuildPhase section */
		8728F866286605AC0040EBCA /* Frameworks */ = {
			isa = PBXFrameworksBuildPhase;
			buildActionMask = 2147483647;
			files = (
			);
			runOnlyForDeploymentPostprocessing = 0;
		};
/* End PBXFrameworksBuildPhase section */

/* Begin PBXGroup section */
		8728F860286605AC0040EBCA = {
			isa = PBXGroup;
			children = (
				8728F86B286605AC0040EBCA /* Recipe List App */,
				8728F86A286605AC0040EBCA /* Products */,
			);
			sourceTree = "<group>";
		};
		8728F86A286605AC0040EBCA /* Products */ = {
			isa = PBXGroup;
			children = (
				8728F869286605AC0040EBCA /* Recipe List App.app */,
			);
			name = Products;
			sourceTree = "<group>";
		};
		8728F86B286605AC0040EBCA /* Recipe List App */ = {
			isa = PBXGroup;
			children = (
				8728F86C286605AC0040EBCA /* Recipe_List_App.swift */,
				8768440428660ED10049D0D3 /* Views */,
				8768440328660ECE0049D0D3 /* ViewModels */,
				8768440228660ECB0049D0D3 /* Models */,
				8768440528660EE60049D0D3 /* Services */,
				8768440128660EC90049D0D3 /* Data */,
				87DB7D242870AE2700733AC2 /* Utilities */,
				8728F870286605AD0040EBCA /* Assets.xcassets */,
				8728F872286605AD0040EBCA /* Preview Content */,
			);
			path = "Recipe List App";
			sourceTree = "<group>";
		};
		8728F872286605AD0040EBCA /* Preview Content */ = {
			isa = PBXGroup;
			children = (
				8728F873286605AD0040EBCA /* Preview Assets.xcassets */,
			);
			path = "Preview Content";
			sourceTree = "<group>";
		};
		8768440128660EC90049D0D3 /* Data */ = {
			isa = PBXGroup;
			children = (
				8768440828660F8A0049D0D3 /* recipes.json */,
			);
			path = Data;
			sourceTree = "<group>";
		};
		8768440228660ECB0049D0D3 /* Models */ = {
			isa = PBXGroup;
			children = (
				8768440A28660FD10049D0D3 /* Recipe.swift */,
			);
			path = Models;
			sourceTree = "<group>";
		};
		8768440328660ECE0049D0D3 /* ViewModels */ = {
			isa = PBXGroup;
			children = (
				8768440C286612E30049D0D3 /* RecipeModel.swift */,
			);
			path = ViewModels;
			sourceTree = "<group>";
		};
		8768440428660ED10049D0D3 /* Views */ = {
			isa = PBXGroup;
			children = (
				8742B114286A4DD4001664C6 /* RecipeTabView.swift */,
				87948C60286C6801007A86B4 /* RecipeFeaturedView.swift */,
				8728F86E286605AC0040EBCA /* RecipeListView.swift */,
				878055C12867824800C6D492 /* RecipeDetailView.swift */,
				8771777F2871C7DC007BE69C /* RecipeHighlights.swift */,
			);
			path = Views;
			sourceTree = "<group>";
		};
		8768440528660EE60049D0D3 /* Services */ = {
			isa = PBXGroup;
			children = (
				8768440E286617540049D0D3 /* DataService.swift */,
			);
			path = Services;
			sourceTree = "<group>";
		};
		87DB7D242870AE2700733AC2 /* Utilities */ = {
			isa = PBXGroup;
			children = (
				87DB7D252870AE3800733AC2 /* Rational.swift */,
			);
			path = Utilities;
			sourceTree = "<group>";
		};
/* End PBXGroup section */

/* Begin PBXNativeTarget section */
		8728F868286605AC0040EBCA /* Recipe List App */ = {
			isa = PBXNativeTarget;
			buildConfigurationList = 8728F877286605AD0040EBCA /* Build configuration list for PBXNativeTarget "Recipe List App" */;
			buildPhases = (
				8728F865286605AC0040EBCA /* Sources */,
				8728F866286605AC0040EBCA /* Frameworks */,
				8728F867286605AC0040EBCA /* Resources */,
			);
			buildRules = (
			);
			dependencies = (
			);
			name = "Recipe List App";
			productName = "Recipe List App";
			productReference = 8728F869286605AC0040EBCA /* Recipe List App.app */;
			productType = "com.apple.product-type.application";
		};
/* End PBXNativeTarget section */

/* Begin PBXProject section */
		8728F861286605AC0040EBCA /* Project object */ = {
			isa = PBXProject;
			attributes = {
				BuildIndependentTargetsInParallel = 1;
				LastSwiftUpdateCheck = 1400;
				LastUpgradeCheck = 1400;
				TargetAttributes = {
					8728F868286605AC0040EBCA = {
						CreatedOnToolsVersion = 14.0;
					};
				};
			};
			buildConfigurationList = 8728F864286605AC0040EBCA /* Build configuration list for PBXProject "Recipe List App" */;
			compatibilityVersion = "Xcode 14.0";
			developmentRegion = en;
			hasScannedForEncodings = 0;
			knownRegions = (
				en,
				Base,
			);
			mainGroup = 8728F860286605AC0040EBCA;
			productRefGroup = 8728F86A286605AC0040EBCA /* Products */;
			projectDirPath = "";
			projectRoot = "";
			targets = (
				8728F868286605AC0040EBCA /* Recipe List App */,
			);
		};
/* End PBXProject section */

/* Begin PBXResourcesBuildPhase section */
		8728F867286605AC0040EBCA /* Resources */ = {
			isa = PBXResourcesBuildPhase;
			buildActionMask = 2147483647;
			files = (
				8728F874286605AD0040EBCA /* Preview Assets.xcassets in Resources */,
				8768440928660F8A0049D0D3 /* recipes.json in Resources */,
				8728F871286605AD0040EBCA /* Assets.xcassets in Resources */,
			);
			runOnlyForDeploymentPostprocessing = 0;
		};
/* End PBXResourcesBuildPhase section */

/* Begin PBXSourcesBuildPhase section */
		8728F865286605AC0040EBCA /* Sources */ = {
			isa = PBXSourcesBuildPhase;
			buildActionMask = 2147483647;
			files = (
				8728F86F286605AC0040EBCA /* RecipeListView.swift in Sources */,
				878055C22867824800C6D492 /* RecipeDetailView.swift in Sources */,
				877177802871C7DC007BE69C /* RecipeHighlights.swift in Sources */,
				87DB7D262870AE3800733AC2 /* Rational.swift in Sources */,
				8768440D286612E30049D0D3 /* RecipeModel.swift in Sources */,
				8768440B28660FD10049D0D3 /* Recipe.swift in Sources */,
				8728F86D286605AC0040EBCA /* Recipe_List_App.swift in Sources */,
				8768440F286617540049D0D3 /* DataService.swift in Sources */,
				87948C61286C6801007A86B4 /* RecipeFeaturedView.swift in Sources */,
				8742B115286A4DD4001664C6 /* RecipeTabView.swift in Sources */,
			);
			runOnlyForDeploymentPostprocessing = 0;
		};
/* End PBXSourcesBuildPhase section */

/* Begin XCBuildConfiguration section */
		8728F875286605AD0040EBCA /* Debug */ = {
			isa = XCBuildConfiguration;
			buildSettings = {
				ALWAYS_SEARCH_USER_PATHS = NO;
				CLANG_ANALYZER_NONNULL = YES;
				CLANG_ANALYZER_NUMBER_OBJECT_CONVERSION = YES_AGGRESSIVE;
				CLANG_CXX_LANGUAGE_STANDARD = "gnu++17";
				CLANG_ENABLE_MODULES = YES;
				CLANG_ENABLE_OBJC_ARC = YES;
				CLANG_ENABLE_OBJC_WEAK = YES;
				CLANG_WARN_BLOCK_CAPTURE_AUTORELEASING = YES;
				CLANG_WARN_BOOL_CONVERSION = YES;
				CLANG_WARN_COMMA = YES;
				CLANG_WARN_CONSTANT_CONVERSION = YES;
				CLANG_WARN_DEPRECATED_OBJC_IMPLEMENTATIONS = YES;
				CLANG_WARN_DIRECT_OBJC_ISA_USAGE = YES_ERROR;
				CLANG_WARN_DOCUMENTATION_COMMENTS = YES;
				CLANG_WARN_EMPTY_BODY = YES;
				CLANG_WARN_ENUM_CONVERSION = YES;
				CLANG_WARN_INFINITE_RECURSION = YES;
				CLANG_WARN_INT_CONVERSION = YES;
				CLANG_WARN_NON_LITERAL_NULL_CONVERSION = YES;
				CLANG_WARN_OBJC_IMPLICIT_RETAIN_SELF = YES;
				CLANG_WARN_OBJC_LITERAL_CONVERSION = YES;
				CLANG_WARN_OBJC_ROOT_CLASS = YES_ERROR;
				CLANG_WARN_QUOTED_INCLUDE_IN_FRAMEWORK_HEADER = YES;
				CLANG_WARN_RANGE_LOOP_ANALYSIS = YES;
				CLANG_WARN_STRICT_PROTOTYPES = YES;
				CLANG_WARN_SUSPICIOUS_MOVE = YES;
				CLANG_WARN_UNGUARDED_AVAILABILITY = YES_AGGRESSIVE;
				CLANG_WARN_UNREACHABLE_CODE = YES;
				CLANG_WARN__DUPLICATE_METHOD_MATCH = YES;
				COPY_PHASE_STRIP = NO;
				DEBUG_INFORMATION_FORMAT = dwarf;
				ENABLE_STRICT_OBJC_MSGSEND = YES;
				ENABLE_TESTABILITY = YES;
				GCC_C_LANGUAGE_STANDARD = gnu11;
				GCC_DYNAMIC_NO_PIC = NO;
				GCC_NO_COMMON_BLOCKS = YES;
				GCC_OPTIMIZATION_LEVEL = 0;
				GCC_PREPROCESSOR_DEFINITIONS = (
					"DEBUG=1",
					"$(inherited)",
				);
				GCC_WARN_64_TO_32_BIT_CONVERSION = YES;
				GCC_WARN_ABOUT_RETURN_TYPE = YES_ERROR;
				GCC_WARN_UNDECLARED_SELECTOR = YES;
				GCC_WARN_UNINITIALIZED_AUTOS = YES_AGGRESSIVE;
				GCC_WARN_UNUSED_FUNCTION = YES;
				GCC_WARN_UNUSED_VARIABLE = YES;
				IPHONEOS_DEPLOYMENT_TARGET = 16.0;
				MTL_ENABLE_DEBUG_INFO = INCLUDE_SOURCE;
				MTL_FAST_MATH = YES;
				ONLY_ACTIVE_ARCH = YES;
				SDKROOT = iphoneos;
				SWIFT_ACTIVE_COMPILATION_CONDITIONS = DEBUG;
				SWIFT_OPTIMIZATION_LEVEL = "-Onone";
			};
			name = Debug;
		};
		8728F876286605AD0040EBCA /* Release */ = {
			isa = XCBuildConfiguration;
			buildSettings = {
				ALWAYS_SEARCH_USER_PATHS = NO;
				CLANG_ANALYZER_NONNULL = YES;
				CLANG_ANALYZER_NUMBER_OBJECT_CONVERSION = YES_AGGRESSIVE;
				CLANG_CXX_LANGUAGE_STANDARD = "gnu++17";
				CLANG_ENABLE_MODULES = YES;
				CLANG_ENABLE_OBJC_ARC = YES;
				CLANG_ENABLE_OBJC_WEAK = YES;
				CLANG_WARN_BLOCK_CAPTURE_AUTORELEASING = YES;
				CLANG_WARN_BOOL_CONVERSION = YES;
				CLANG_WARN_COMMA = YES;
				CLANG_WARN_CONSTANT_CONVERSION = YES;
				CLANG_WARN_DEPRECATED_OBJC_IMPLEMENTATIONS = YES;
				CLANG_WARN_DIRECT_OBJC_ISA_USAGE = YES_ERROR;
				CLANG_WARN_DOCUMENTATION_COMMENTS = YES;
				CLANG_WARN_EMPTY_BODY = YES;
				CLANG_WARN_ENUM_CONVERSION = YES;
				CLANG_WARN_INFINITE_RECURSION = YES;
				CLANG_WARN_INT_CONVERSION = YES;
				CLANG_WARN_NON_LITERAL_NULL_CONVERSION = YES;
				CLANG_WARN_OBJC_IMPLICIT_RETAIN_SELF = YES;
				CLANG_WARN_OBJC_LITERAL_CONVERSION = YES;
				CLANG_WARN_OBJC_ROOT_CLASS = YES_ERROR;
				CLANG_WARN_QUOTED_INCLUDE_IN_FRAMEWORK_HEADER = YES;
				CLANG_WARN_RANGE_LOOP_ANALYSIS = YES;
				CLANG_WARN_STRICT_PROTOTYPES = YES;
				CLANG_WARN_SUSPICIOUS_MOVE = YES;
				CLANG_WARN_UNGUARDED_AVAILABILITY = YES_AGGRESSIVE;
				CLANG_WARN_UNREACHABLE_CODE = YES;
				CLANG_WARN__DUPLICATE_METHOD_MATCH = YES;
				COPY_PHASE_STRIP = NO;
				DEBUG_INFORMATION_FORMAT = "dwarf-with-dsym";
				ENABLE_NS_ASSERTIONS = NO;
				ENABLE_STRICT_OBJC_MSGSEND = YES;
				GCC_C_LANGUAGE_STANDARD = gnu11;
				GCC_NO_COMMON_BLOCKS = YES;
				GCC_WARN_64_TO_32_BIT_CONVERSION = YES;
				GCC_WARN_ABOUT_RETURN_TYPE = YES_ERROR;
				GCC_WARN_UNDECLARED_SELECTOR = YES;
				GCC_WARN_UNINITIALIZED_AUTOS = YES_AGGRESSIVE;
				GCC_WARN_UNUSED_FUNCTION = YES;
				GCC_WARN_UNUSED_VARIABLE = YES;
				IPHONEOS_DEPLOYMENT_TARGET = 16.0;
				MTL_ENABLE_DEBUG_INFO = NO;
				MTL_FAST_MATH = YES;
				SDKROOT = iphoneos;
				SWIFT_COMPILATION_MODE = wholemodule;
				SWIFT_OPTIMIZATION_LEVEL = "-O";
				VALIDATE_PRODUCT = YES;
			};
			name = Release;
		};
		8728F878286605AD0040EBCA /* Debug */ = {
			isa = XCBuildConfiguration;
			buildSettings = {
				ASSETCATALOG_COMPILER_APPICON_NAME = AppIcon;
				ASSETCATALOG_COMPILER_GLOBAL_ACCENT_COLOR_NAME = AccentColor;
				CODE_SIGN_STYLE = Automatic;
				CURRENT_PROJECT_VERSION = 1;
				DEVELOPMENT_ASSET_PATHS = "\"Recipe List App/Preview Content\"";
				ENABLE_PREVIEWS = YES;
				GENERATE_INFOPLIST_FILE = YES;
				INFOPLIST_KEY_UIApplicationSceneManifest_Generation = YES;
				INFOPLIST_KEY_UIApplicationSupportsIndirectInputEvents = YES;
				INFOPLIST_KEY_UILaunchScreen_Generation = YES;
				INFOPLIST_KEY_UISupportedInterfaceOrientations_iPad = "UIInterfaceOrientationPortrait UIInterfaceOrientationPortraitUpsideDown UIInterfaceOrientationLandscapeLeft UIInterfaceOrientationLandscapeRight";
				INFOPLIST_KEY_UISupportedInterfaceOrientations_iPhone = "UIInterfaceOrientationPortrait UIInterfaceOrientationLandscapeLeft UIInterfaceOrientationLandscapeRight";
				LD_RUNPATH_SEARCH_PATHS = (
					"$(inherited)",
					"@executable_path/Frameworks",
				);
				MARKETING_VERSION = 1.0;
				PRODUCT_BUNDLE_IDENTIFIER = "com.alextosspon.Recipe-List-App";
				PRODUCT_NAME = "$(TARGET_NAME)";
				SWIFT_EMIT_LOC_STRINGS = YES;
				SWIFT_VERSION = 5.0;
				TARGETED_DEVICE_FAMILY = "1,2";
			};
			name = Debug;
		};
		8728F879286605AD0040EBCA /* Release */ = {
			isa = XCBuildConfiguration;
			buildSettings = {
				ASSETCATALOG_COMPILER_APPICON_NAME = AppIcon;
				ASSETCATALOG_COMPILER_GLOBAL_ACCENT_COLOR_NAME = AccentColor;
				CODE_SIGN_STYLE = Automatic;
				CURRENT_PROJECT_VERSION = 1;
				DEVELOPMENT_ASSET_PATHS = "\"Recipe List App/Preview Content\"";
				ENABLE_PREVIEWS = YES;
				GENERATE_INFOPLIST_FILE = YES;
				INFOPLIST_KEY_UIApplicationSceneManifest_Generation = YES;
				INFOPLIST_KEY_UIApplicationSupportsIndirectInputEvents = YES;
				INFOPLIST_KEY_UILaunchScreen_Generation = YES;
				INFOPLIST_KEY_UISupportedInterfaceOrientations_iPad = "UIInterfaceOrientationPortrait UIInterfaceOrientationPortraitUpsideDown UIInterfaceOrientationLandscapeLeft UIInterfaceOrientationLandscapeRight";
				INFOPLIST_KEY_UISupportedInterfaceOrientations_iPhone = "UIInterfaceOrientationPortrait UIInterfaceOrientationLandscapeLeft UIInterfaceOrientationLandscapeRight";
				LD_RUNPATH_SEARCH_PATHS = (
					"$(inherited)",
					"@executable_path/Frameworks",
				);
				MARKETING_VERSION = 1.0;
				PRODUCT_BUNDLE_IDENTIFIER = "com.alextosspon.Recipe-List-App";
				PRODUCT_NAME = "$(TARGET_NAME)";
				SWIFT_EMIT_LOC_STRINGS = YES;
				SWIFT_VERSION = 5.0;
				TARGETED_DEVICE_FAMILY = "1,2";
			};
			name = Release;
		};
/* End XCBuildConfiguration section */

/* Begin XCConfigurationList section */
		8728F864286605AC0040EBCA /* Build configuration list for PBXProject "Recipe List App" */ = {
			isa = XCConfigurationList;
			buildConfigurations = (
				8728F875286605AD0040EBCA /* Debug */,
				8728F876286605AD0040EBCA /* Release */,
			);
			defaultConfigurationIsVisible = 0;
			defaultConfigurationName = Release;
		};
		8728F877286605AD0040EBCA /* Build configuration list for PBXNativeTarget "Recipe List App" */ = {
			isa = XCConfigurationList;
			buildConfigurations = (
				8728F878286605AD0040EBCA /* Debug */,
				8728F879286605AD0040EBCA /* Release */,
			);
			defaultConfigurationIsVisible = 0;
			defaultConfigurationName = Release;
		};
/* End XCConfigurationList section */
	};
	rootObject = 8728F861286605AC0040EBCA /* Project object */;
}
